
Microsoft Visual Studio Solution File, Format Version 12.00
# Visual Studio 2017
Project("{FAE04EC0-301F-11D3-BF4B-00C04F79EFBC}") = "The-Flower-Story", "The-Flower-Story.csproj", "{1FB6BA68-077B-3F98-330C-60BBB16F2104}"
EndProject
Project("{FAE04EC0-301F-11D3-BF4B-00C04F79EFBC}") = "The-Flower-Story.Plugins", "The-Flower-Story.Plugins.csproj", "{0CE7A731-0F41-221A-4039-47F6EA35BF16}"
EndProject
Project("{FAE04EC0-301F-11D3-BF4B-00C04F79EFBC}") = "The-Flower-Story.Editor.Plugins", "The-Flower-Story.Editor.Plugins.csproj", "{2140A2DF-567C-673E-9621-700673588556}"
EndProject
Global
	GlobalSection(SolutionConfigurationPlatforms) = preSolution
		Debug|Any CPU = Debug|Any CPU
		Release|Any CPU = Release|Any CPU
	EndGlobalSection
	GlobalSection(ProjectConfigurationPlatforms) = postSolution
		{1FB6BA68-077B-3F98-330C-60BBB16F2104}.Debug|Any CPU.ActiveCfg = Debug|Any CPU
		{1FB6BA68-077B-3F98-330C-60BBB16F2104}.Debug|Any CPU.Build.0 = Debug|Any CPU
		{1FB6BA68-077B-3F98-330C-60BBB16F2104}.Release|Any CPU.ActiveCfg = Release|Any CPU
		{1FB6BA68-077B-3F98-330C-60BBB16F2104}.Release|Any CPU.Build.0 = Release|Any CPU
		{0CE7A731-0F41-221A-4039-47F6EA35BF16}.Debug|Any CPU.ActiveCfg = Debug|Any CPU
		{0CE7A731-0F41-221A-4039-47F6EA35BF16}.Debug|Any CPU.Build.0 = Debug|Any CPU
		{0CE7A731-0F41-221A-4039-47F6EA35BF16}.Release|Any CPU.ActiveCfg = Release|Any CPU
		{0CE7A731-0F41-221A-4039-47F6EA35BF16}.Release|Any CPU.Build.0 = Release|Any CPU
		{2140A2DF-567C-673E-9621-700673588556}.Debug|Any CPU.ActiveCfg = Debug|Any CPU
		{2140A2DF-567C-673E-9621-700673588556}.Debug|Any CPU.Build.0 = Debug|Any CPU
		{2140A2DF-567C-673E-9621-700673588556}.Release|Any CPU.ActiveCfg = Release|Any CPU
		{2140A2DF-567C-673E-9621-700673588556}.Release|Any CPU.Build.0 = Release|Any CPU
	EndGlobalSection
	GlobalSection(SolutionProperties) = preSolution
		HideSolutionNode = FALSE
	EndGlobalSection
EndGlobal
